<Solution>
  <Folder Name="/src/">
    <Project Path="src/Komair.Expressions/Komair.Expressions.csproj" />
    <Project Path="src/Komair.Expressions.Mapping/Komair.Expressions.Mapping.csproj" />
    <Project Path="src/Komair.Expressions.Mapping.Mapster/Komair.Expressions.Mapping.Mapster.csproj" />
    <Project Path="src/Komair.Expressions.Serialization/Komair.Expressions.Serialization.csproj" />
    <Project Path="src/Komair.Expressions.Serialization.Json/Komair.Expressions.Serialization.Json.csproj" />
    <Project Path="src/Komair.Specifications/Komair.Specifications.csproj" />
    <Project Path="src/Komair.Specifications.Validation.Abstractions/Komair.Specifications.Validation.Abstractions.csproj" />
    <Project Path="src/Komair.Specifications.Validation.FluentValidation/Komair.Specifications.Validation.FluentValidation.csproj" />
  </Folder>
  <Folder Name="/test/">
    <Project Path="test/Komair.Expressions.Mapping.Mapster.UnitTests/Komair.Expressions.Mapping.Mapster.UnitTests.csproj" />
    <Project Path="test/Komair.Expressions.Mapping.UnitTests/Komair.Expressions.Mapping.UnitTests.csproj" />
    <Project Path="test/Komair.Expressions.Serialization.Json.UnitTests/Komair.Expressions.Serialization.Json.UnitTests.csproj" />
    <Project Path="test/Komair.Expressions.Serialization.UnitTests/Komair.Expressions.Serialization.UnitTests.csproj" />
    <Project Path="test/Komair.Expressions.UnitTests/Komair.Expressions.UnitTests.csproj" />
    <Project Path="test/Komair.Specifications.UnitTests/Komair.Specifications.UnitTests.csproj" />
    <Project Path="test/Komair.Specifications.Validation.Abstractions.UnitTests/Komair.Specifications.Validation.Abstractions.UnitTests.csproj" />
    <Project Path="test/Komair.Specifications.Validation.FluentValidation.UnitTests/Komair.Specifications.Validation.FluentValidation.UnitTests.csproj" />
  </Folder>
</Solution>
